<?xml version="1.0" encoding="utf-8"?>
<Project ToolsVersion="4.0" xmlns="http://schemas.microsoft.com/developer/msbuild/2003">
  <ItemGroup>
    <Filter Include="01. vector">
      <UniqueIdentifier>{62fbbacc-4102-4d3a-a5d9-f4befb9e5ebd}</UniqueIdentifier>
    </Filter>
    <Filter Include="02. queue">
      <UniqueIdentifier>{aaa13519-b168-469d-ae1e-c263bf42f91c}</UniqueIdentifier>
    </Filter>
    <Filter Include="03.list">
      <UniqueIdentifier>{03c91587-ca55-4a25-8fc6-c35460f73d16}</UniqueIdentifier>
    </Filter>
    <Filter Include="04. deque">
      <UniqueIdentifier>{db2f0f0b-c32e-4bb6-b58e-0788d0bfe283}</UniqueIdentifier>
    </Filter>
  </ItemGroup>
  <ItemGroup>
    <ClCompile Include="vec_basic.cpp">
      <Filter>01. vector</Filter>
    </ClCompile>
    <ClCompile Include="que_basic.cpp">
      <Filter>02. queue</Filter>
    </ClCompile>
    <ClCompile Include="list_basic.cpp">
      <Filter>03.list</Filter>
    </ClCompile>
    <ClCompile Include="list_iter.cpp">
      <Filter>03.list</Filter>
    </ClCompile>
    <ClCompile Include="deque_basic.cpp">
      <Filter>04. deque</Filter>
    </ClCompile>
  </ItemGroup>
</Project>